
Microsoft Visual Studio Solution File, Format Version 12.00
# Visual Studio 15
Project("{FAE04EC0-301F-11D3-BF4B-00C04F79EFBC}") = "Assembly-CSharp", "Assembly-CSharp.csproj", "{C51D8C36-0F9B-A1AD-35FC-88C86B02527F}"
EndProject
Project("{FAE04EC0-301F-11D3-BF4B-00C04F79EFBC}") = "Assembly-CSharp-Editor", "Assembly-CSharp-Editor.csproj", "{D1EF3606-83F5-D2C1-92F2-E3B26DAF00DA}"
EndProject
Global
	GlobalSection(SolutionConfigurationPlatforms) = preSolution
		Debug|Any CPU = Debug|Any CPU
		Release|Any CPU = Release|Any CPU
	EndGlobalSection
	GlobalSection(ProjectConfigurationPlatforms) = postSolution
		{C51D8C36-0F9B-A1AD-35FC-88C86B02527F}.Debug|Any CPU.ActiveCfg = Debug|Any CPU
		{C51D8C36-0F9B-A1AD-35FC-88C86B02527F}.Debug|Any CPU.Build.0 = Debug|Any CPU
		{C51D8C36-0F9B-A1AD-35FC-88C86B02527F}.Release|Any CPU.ActiveCfg = Release|Any CPU
		{C51D8C36-0F9B-A1AD-35FC-88C86B02527F}.Release|Any CPU.Build.0 = Release|Any CPU
		{D1EF3606-83F5-D2C1-92F2-E3B26DAF00DA}.Debug|Any CPU.ActiveCfg = Debug|Any CPU
		{D1EF3606-83F5-D2C1-92F2-E3B26DAF00DA}.Debug|Any CPU.Build.0 = Debug|Any CPU
		{D1EF3606-83F5-D2C1-92F2-E3B26DAF00DA}.Release|Any CPU.ActiveCfg = Release|Any CPU
		{D1EF3606-83F5-D2C1-92F2-E3B26DAF00DA}.Release|Any CPU.Build.0 = Release|Any CPU
	EndGlobalSection
	GlobalSection(SolutionProperties) = preSolution
		HideSolutionNode = FALSE
	EndGlobalSection
EndGlobal
